# This file is automatically @generated by Cargo.
# It is not intended for manual editing.
[[package]]
name = "coap-lite"
version = "0.2.0"
source = "registry+https://github.com/rust-lang/crates.io-index"

[[package]]
name = "format"
version = "0.1.0"
dependencies = [
 "coap-lite 0.2.0 (registry+https://github.com/rust-lang/crates.io-index)",
 "hex 0.3.2 (registry+https://github.com/rust-lang/crates.io-index)",
]

[[package]]
name = "hex"
version = "0.3.2"
source = "registry+https://github.com/rust-lang/crates.io-index"

[metadata]
"checksum coap-lite 0.2.0 (registry+https://github.com/rust-lang/crates.io-index)" = "59a52a548e9a5005cf464dab04f77f66b6452039c88fed9a9ff0ed7ed8c48550"
"checksum hex 0.3.2 (registry+https://github.com/rust-lang/crates.io-index)" = "805026a5d0141ffc30abb3be3173848ad46a1b1664fe632428479619a3644d77"
